
Microsoft Visual Studio Solution File, Format Version 12.00
# Visual Studio Version 16
VisualStudioVersion = 16.0.30804.86
MinimumVisualStudioVersion = 10.0.40219.1
Project("{FAE04EC0-301F-11D3-BF4B-00C04F79EFBC}") = "Madlib", "WinFormsMVC\Madlib.csproj", "{DB1AEF33-8D8A-4128-B03B-82A5D84A3AD3}"
EndProject
Global
	GlobalSection(SolutionConfigurationPlatforms) = preSolution
		Debug|Any CPU = Debug|Any CPU
		Release|Any CPU = Release|Any CPU
	EndGlobalSection
	GlobalSection(ProjectConfigurationPlatforms) = postSolution
		{DB1AEF33-8D8A-4128-B03B-82A5D84A3AD3}.Debug|Any CPU.ActiveCfg = Debug|Any CPU
		{DB1AEF33-8D8A-4128-B03B-82A5D84A3AD3}.Debug|Any CPU.Build.0 = Debug|Any CPU
		{DB1AEF33-8D8A-4128-B03B-82A5D84A3AD3}.Release|Any CPU.ActiveCfg = Release|Any CPU
		{DB1AEF33-8D8A-4128-B03B-82A5D84A3AD3}.Release|Any CPU.Build.0 = Release|Any CPU
	EndGlobalSection
	GlobalSection(SolutionProperties) = preSolution
		HideSolutionNode = FALSE
	EndGlobalSection
	GlobalSection(ExtensibilityGlobals) = postSolution
		SolutionGuid = {F40F77D4-9F70-4E89-B027-3BA3BE3EFF7B}
	EndGlobalSection
EndGlobal
